
Microsoft Visual Studio Solution File, Format Version 11.00
# Visual Studio 2010
Project("{FAE04EC0-301F-11D3-BF4B-00C04F79EFBC}") = "ARphotoViewer", "Assembly-CSharp.csproj", "{9AF414F9-2C13-A8AF-68F3-25FB493567E0}"
EndProject
Project("{FAE04EC0-301F-11D3-BF4B-00C04F79EFBC}") = "ARphotoViewer", "Assembly-CSharp-Editor.csproj", "{CACDE614-D961-7B25-C39B-1E86D2BEEFCF}"
EndProject
Global
	GlobalSection(SolutionConfigurationPlatforms) = preSolution
		Debug|Any CPU = Debug|Any CPU
		Release|Any CPU = Release|Any CPU
	EndGlobalSection
	GlobalSection(ProjectConfigurationPlatforms) = postSolution
		{9AF414F9-2C13-A8AF-68F3-25FB493567E0}.Debug|Any CPU.ActiveCfg = Debug|Any CPU
		{9AF414F9-2C13-A8AF-68F3-25FB493567E0}.Debug|Any CPU.Build.0 = Debug|Any CPU
		{9AF414F9-2C13-A8AF-68F3-25FB493567E0}.Release|Any CPU.ActiveCfg = Release|Any CPU
		{9AF414F9-2C13-A8AF-68F3-25FB493567E0}.Release|Any CPU.Build.0 = Release|Any CPU
		{CACDE614-D961-7B25-C39B-1E86D2BEEFCF}.Debug|Any CPU.ActiveCfg = Debug|Any CPU
		{CACDE614-D961-7B25-C39B-1E86D2BEEFCF}.Debug|Any CPU.Build.0 = Debug|Any CPU
		{CACDE614-D961-7B25-C39B-1E86D2BEEFCF}.Release|Any CPU.ActiveCfg = Release|Any CPU
		{CACDE614-D961-7B25-C39B-1E86D2BEEFCF}.Release|Any CPU.Build.0 = Release|Any CPU
	EndGlobalSection
	GlobalSection(SolutionProperties) = preSolution
		HideSolutionNode = FALSE
	EndGlobalSection
	GlobalSection(MonoDevelopProperties) = preSolution
		StartupItem = Assembly-CSharp.csproj
	EndGlobalSection
EndGlobal
